// !$*UTF8*$!
{
	archiveVersion = 1;
	classes = {
	};
	objectVersion = 51;
	objects = {

/* Begin PBXBuildFile section */
		2323081824DF043A000FF62F /* AppDelegate.swift in Sources */ = {isa = PBXBuildFile; fileRef = 2323081724DF043A000FF62F /* AppDelegate.swift */; };
		2323081A24DF043A000FF62F /* SceneDelegate.swift in Sources */ = {isa = PBXBuildFile; fileRef = 2323081924DF043A000FF62F /* SceneDelegate.swift */; };
		2323081C24DF043A000FF62F /* ViewController.swift in Sources */ = {isa = PBXBuildFile; fileRef = 2323081B24DF043A000FF62F /* ViewController.swift */; };
		2323081F24DF043A000FF62F /* Main.storyboard in Resources */ = {isa = PBXBuildFile; fileRef = 2323081D24DF043A000FF62F /* Main.storyboard */; };
		2323082124DF043B000FF62F /* Assets.xcassets in Resources */ = {isa = PBXBuildFile; fileRef = 2323082024DF043B000FF62F /* Assets.xcassets */; };
		2323082424DF043B000FF62F /* LaunchScreen.storyboard in Resources */ = {isa = PBXBuildFile; fileRef = 2323082224DF043B000FF62F /* LaunchScreen.storyboard */; };
		2323082F24DF043B000FF62F /* CleanArchitectureTests.swift in Sources */ = {isa = PBXBuildFile; fileRef = 2323082E24DF043B000FF62F /* CleanArchitectureTests.swift */; };
		2323083A24DF043B000FF62F /* CleanArchitectureUITests.swift in Sources */ = {isa = PBXBuildFile; fileRef = 2323083924DF043B000FF62F /* CleanArchitectureUITests.swift */; };
		42BCC5BDC7EB3F42B6227553 /* Pods_CleanArchitectureTests.framework in Frameworks */ = {isa = PBXBuildFile; fileRef = C2BBCB5F8DC0F8D9632FA340 /* Pods_CleanArchitectureTests.framework */; };
		4DCD2D50BE814B4662E33816 /* Pods_CleanArchitecture.framework in Frameworks */ = {isa = PBXBuildFile; fileRef = 5FDE2EAFDA41311041C21C7A /* Pods_CleanArchitecture.framework */; };
		BAD65EDD3EAE780CA09AC6AF /* Pods_CleanArchitectureUITests.framework in Frameworks */ = {isa = PBXBuildFile; fileRef = 7E8C71F475D89D8E30F40025 /* Pods_CleanArchitectureUITests.framework */; };
/* End PBXBuildFile section */

/* Begin PBXContainerItemProxy section */
		2323082B24DF043B000FF62F /* PBXContainerItemProxy */ = {
			isa = PBXContainerItemProxy;
			containerPortal = 2323080C24DF043A000FF62F /* Project object */;
			proxyType = 1;
			remoteGlobalIDString = 2323081324DF043A000FF62F;
			remoteInfo = CleanArchitecture;
		};
		2323083624DF043B000FF62F /* PBXContainerItemProxy */ = {
			isa = PBXContainerItemProxy;
			containerPortal = 2323080C24DF043A000FF62F /* Project object */;
			proxyType = 1;
			remoteGlobalIDString = 2323081324DF043A000FF62F;
			remoteInfo = CleanArchitecture;
		};
/* End PBXContainerItemProxy section */

/* Begin PBXFileReference section */
		2323081424DF043A000FF62F /* CleanArchitecture.app */ = {isa = PBXFileReference; explicitFileType = wrapper.application; includeInIndex = 0; path = CleanArchitecture.app; sourceTree = BUILT_PRODUCTS_DIR; };
		2323081724DF043A000FF62F /* AppDelegate.swift */ = {isa = PBXFileReference; lastKnownFileType = sourcecode.swift; path = AppDelegate.swift; sourceTree = "<group>"; };
		2323081924DF043A000FF62F /* SceneDelegate.swift */ = {isa = PBXFileReference; lastKnownFileType = sourcecode.swift; path = SceneDelegate.swift; sourceTree = "<group>"; };
		2323081B24DF043A000FF62F /* ViewController.swift */ = {isa = PBXFileReference; lastKnownFileType = sourcecode.swift; path = ViewController.swift; sourceTree = "<group>"; };
		2323081E24DF043A000FF62F /* Base */ = {isa = PBXFileReference; lastKnownFileType = file.storyboard; name = Base; path = Base.lproj/Main.storyboard; sourceTree = "<group>"; };
		2323082024DF043B000FF62F /* Assets.xcassets */ = {isa = PBXFileReference; lastKnownFileType = folder.assetcatalog; path = Assets.xcassets; sourceTree = "<group>"; };
		2323082324DF043B000FF62F /* Base */ = {isa = PBXFileReference; lastKnownFileType = file.storyboard; name = Base; path = Base.lproj/LaunchScreen.storyboard; sourceTree = "<group>"; };
		2323082524DF043B000FF62F /* Info.plist */ = {isa = PBXFileReference; lastKnownFileType = text.plist.xml; path = Info.plist; sourceTree = "<group>"; };
		2323082A24DF043B000FF62F /* CleanArchitectureTests.xctest */ = {isa = PBXFileReference; explicitFileType = wrapper.cfbundle; includeInIndex = 0; path = CleanArchitectureTests.xctest; sourceTree = BUILT_PRODUCTS_DIR; };
		2323082E24DF043B000FF62F /* CleanArchitectureTests.swift */ = {isa = PBXFileReference; lastKnownFileType = sourcecode.swift; path = CleanArchitectureTests.swift; sourceTree = "<group>"; };
		2323083024DF043B000FF62F /* Info.plist */ = {isa = PBXFileReference; lastKnownFileType = text.plist.xml; path = Info.plist; sourceTree = "<group>"; };
		2323083524DF043B000FF62F /* CleanArchitectureUITests.xctest */ = {isa = PBXFileReference; explicitFileType = wrapper.cfbundle; includeInIndex = 0; path = CleanArchitectureUITests.xctest; sourceTree = BUILT_PRODUCTS_DIR; };
		2323083924DF043B000FF62F /* CleanArchitectureUITests.swift */ = {isa = PBXFileReference; lastKnownFileType = sourcecode.swift; path = CleanArchitectureUITests.swift; sourceTree = "<group>"; };
		2323083B24DF043B000FF62F /* Info.plist */ = {isa = PBXFileReference; lastKnownFileType = text.plist.xml; path = Info.plist; sourceTree = "<group>"; };
		40A63E702B59BD479A430B18 /* Pods-CleanArchitecture.debug.xcconfig */ = {isa = PBXFileReference; includeInIndex = 1; lastKnownFileType = text.xcconfig; name = "Pods-CleanArchitecture.debug.xcconfig"; path = "Target Support Files/Pods-CleanArchitecture/Pods-CleanArchitecture.debug.xcconfig"; sourceTree = "<group>"; };
		428B6A796EDE54C1F83ABDBC /* Pods-CleanArchitectureTests.release.xcconfig */ = {isa = PBXFileReference; includeInIndex = 1; lastKnownFileType = text.xcconfig; name = "Pods-CleanArchitectureTests.release.xcconfig"; path = "Target Support Files/Pods-CleanArchitectureTests/Pods-CleanArchitectureTests.release.xcconfig"; sourceTree = "<group>"; };
		5062AD7D5D4F9FD17393A0D1 /* Pods-CleanArchitecture.release.xcconfig */ = {isa = PBXFileReference; includeInIndex = 1; lastKnownFileType = text.xcconfig; name = "Pods-CleanArchitecture.release.xcconfig"; path = "Target Support Files/Pods-CleanArchitecture/Pods-CleanArchitecture.release.xcconfig"; sourceTree = "<group>"; };
		5FDE2EAFDA41311041C21C7A /* Pods_CleanArchitecture.framework */ = {isa = PBXFileReference; explicitFileType = wrapper.framework; includeInIndex = 0; path = Pods_CleanArchitecture.framework; sourceTree = BUILT_PRODUCTS_DIR; };
		7E8C71F475D89D8E30F40025 /* Pods_CleanArchitectureUITests.framework */ = {isa = PBXFileReference; explicitFileType = wrapper.framework; includeInIndex = 0; path = Pods_CleanArchitectureUITests.framework; sourceTree = BUILT_PRODUCTS_DIR; };
		C2BBCB5F8DC0F8D9632FA340 /* Pods_CleanArchitectureTests.framework */ = {isa = PBXFileReference; explicitFileType = wrapper.framework; includeInIndex = 0; path = Pods_CleanArchitectureTests.framework; sourceTree = BUILT_PRODUCTS_DIR; };
		CAB73A88D403F8E2A5C62F78 /* Pods-CleanArchitectureUITests.debug.xcconfig */ = {isa = PBXFileReference; includeInIndex = 1; lastKnownFileType = text.xcconfig; name = "Pods-CleanArchitectureUITests.debug.xcconfig"; path = "Target Support Files/Pods-CleanArchitectureUITests/Pods-CleanArchitectureUITests.debug.xcconfig"; sourceTree = "<group>"; };
		CDC6E84A620C9C653D5A84EA /* Pods-CleanArchitectureUITests.release.xcconfig */ = {isa = PBXFileReference; includeInIndex = 1; lastKnownFileType = text.xcconfig; name = "Pods-CleanArchitectureUITests.release.xcconfig"; path = "Target Support Files/Pods-CleanArchitectureUITests/Pods-CleanArchitectureUITests.release.xcconfig"; sourceTree = "<group>"; };
		FC17A261E6486A4B1F924B9A /* Pods-CleanArchitectureTests.debug.xcconfig */ = {isa = PBXFileReference; includeInIndex = 1; lastKnownFileType = text.xcconfig; name = "Pods-CleanArchitectureTests.debug.xcconfig"; path = "Target Support Files/Pods-CleanArchitectureTests/Pods-CleanArchitectureTests.debug.xcconfig"; sourceTree = "<group>"; };
/* End PBXFileReference section */

/* Begin PBXFrameworksBuildPhase section */
		2323081124DF043A000FF62F /* Frameworks */ = {
			isa = PBXFrameworksBuildPhase;
			buildActionMask = 2147483647;
			files = (
				4DCD2D50BE814B4662E33816 /* Pods_CleanArchitecture.framework in Frameworks */,
			);
			runOnlyForDeploymentPostprocessing = 0;
		};
		2323082724DF043B000FF62F /* Frameworks */ = {
			isa = PBXFrameworksBuildPhase;
			buildActionMask = 2147483647;
			files = (
				42BCC5BDC7EB3F42B6227553 /* Pods_CleanArchitectureTests.framework in Frameworks */,
			);
			runOnlyForDeploymentPostprocessing = 0;
		};
		2323083224DF043B000FF62F /* Frameworks */ = {
			isa = PBXFrameworksBuildPhase;
			buildActionMask = 2147483647;
			files = (
				BAD65EDD3EAE780CA09AC6AF /* Pods_CleanArchitectureUITests.framework in Frameworks */,
			);
			runOnlyForDeploymentPostprocessing = 0;
		};
/* End PBXFrameworksBuildPhase section */

/* Begin PBXGroup section */
		1BB793D92EBFBB6333B9D38A /* Pods */ = {
			isa = PBXGroup;
			children = (
				40A63E702B59BD479A430B18 /* Pods-CleanArchitecture.debug.xcconfig */,
				5062AD7D5D4F9FD17393A0D1 /* Pods-CleanArchitecture.release.xcconfig */,
				FC17A261E6486A4B1F924B9A /* Pods-CleanArchitectureTests.debug.xcconfig */,
				428B6A796EDE54C1F83ABDBC /* Pods-CleanArchitectureTests.release.xcconfig */,
				CAB73A88D403F8E2A5C62F78 /* Pods-CleanArchitectureUITests.debug.xcconfig */,
				CDC6E84A620C9C653D5A84EA /* Pods-CleanArchitectureUITests.release.xcconfig */,
			);
			path = Pods;
			sourceTree = "<group>";
		};
		2323080B24DF043A000FF62F = {
			isa = PBXGroup;
			children = (
				2323081624DF043A000FF62F /* CleanArchitecture */,
				2323082D24DF043B000FF62F /* CleanArchitectureTests */,
				2323083824DF043B000FF62F /* CleanArchitectureUITests */,
				2323081524DF043A000FF62F /* Products */,
				1BB793D92EBFBB6333B9D38A /* Pods */,
				9498069506772D5CA7856CE7 /* Frameworks */,
			);
			sourceTree = "<group>";
		};
		2323081524DF043A000FF62F /* Products */ = {
			isa = PBXGroup;
			children = (
				2323081424DF043A000FF62F /* CleanArchitecture.app */,
				2323082A24DF043B000FF62F /* CleanArchitectureTests.xctest */,
				2323083524DF043B000FF62F /* CleanArchitectureUITests.xctest */,
			);
			name = Products;
			sourceTree = "<group>";
		};
		2323081624DF043A000FF62F /* CleanArchitecture */ = {
			isa = PBXGroup;
			children = (
				2323081724DF043A000FF62F /* AppDelegate.swift */,
				2323081924DF043A000FF62F /* SceneDelegate.swift */,
				2323081B24DF043A000FF62F /* ViewController.swift */,
				2323081D24DF043A000FF62F /* Main.storyboard */,
				2323082024DF043B000FF62F /* Assets.xcassets */,
				2323082224DF043B000FF62F /* LaunchScreen.storyboard */,
				2323082524DF043B000FF62F /* Info.plist */,
			);
			path = CleanArchitecture;
			sourceTree = "<group>";
		};
		2323082D24DF043B000FF62F /* CleanArchitectureTests */ = {
			isa = PBXGroup;
			children = (
				2323082E24DF043B000FF62F /* CleanArchitectureTests.swift */,
				2323083024DF043B000FF62F /* Info.plist */,
			);
			path = CleanArchitectureTests;
			sourceTree = "<group>";
		};
		2323083824DF043B000FF62F /* CleanArchitectureUITests */ = {
			isa = PBXGroup;
			children = (
				2323083924DF043B000FF62F /* CleanArchitectureUITests.swift */,
				2323083B24DF043B000FF62F /* Info.plist */,
			);
			path = CleanArchitectureUITests;
			sourceTree = "<group>";
		};
		9498069506772D5CA7856CE7 /* Frameworks */ = {
			isa = PBXGroup;
			children = (
				5FDE2EAFDA41311041C21C7A /* Pods_CleanArchitecture.framework */,
				C2BBCB5F8DC0F8D9632FA340 /* Pods_CleanArchitectureTests.framework */,
				7E8C71F475D89D8E30F40025 /* Pods_CleanArchitectureUITests.framework */,
			);
			name = Frameworks;
			sourceTree = "<group>";
		};
/* End PBXGroup section */

/* Begin PBXNativeTarget section */
		2323081324DF043A000FF62F /* CleanArchitecture */ = {
			isa = PBXNativeTarget;
			buildConfigurationList = 2323083E24DF043B000FF62F /* Build configuration list for PBXNativeTarget "CleanArchitecture" */;
			buildPhases = (
				4D389DBB2127124F7A7A81FB /* [CP] Check Pods Manifest.lock */,
				2323081024DF043A000FF62F /* Sources */,
				2323081124DF043A000FF62F /* Frameworks */,
				2323081224DF043A000FF62F /* Resources */,
				783D48C618BA4C724CE81DFF /* [CP] Embed Pods Frameworks */,
			);
			buildRules = (
			);
			dependencies = (
			);
			name = CleanArchitecture;
			productName = CleanArchitecture;
			productReference = 2323081424DF043A000FF62F /* CleanArchitecture.app */;
			productType = "com.apple.product-type.application";
		};
		2323082924DF043B000FF62F /* CleanArchitectureTests */ = {
			isa = PBXNativeTarget;
			buildConfigurationList = 2323084124DF043B000FF62F /* Build configuration list for PBXNativeTarget "CleanArchitectureTests" */;
			buildPhases = (
				6DF029B4A8F88C10389188BA /* [CP] Check Pods Manifest.lock */,
				2323082624DF043B000FF62F /* Sources */,
				2323082724DF043B000FF62F /* Frameworks */,
				2323082824DF043B000FF62F /* Resources */,
			);
			buildRules = (
			);
			dependencies = (
				2323082C24DF043B000FF62F /* PBXTargetDependency */,
			);
			name = CleanArchitectureTests;
			productName = CleanArchitectureTests;
			productReference = 2323082A24DF043B000FF62F /* CleanArchitectureTests.xctest */;
			productType = "com.apple.product-type.bundle.unit-test";
		};
		2323083424DF043B000FF62F /* CleanArchitectureUITests */ = {
			isa = PBXNativeTarget;
			buildConfigurationList = 2323084424DF043B000FF62F /* Build configuration list for PBXNativeTarget "CleanArchitectureUITests" */;
			buildPhases = (
				EC6CEB5198C71114D97C0250 /* [CP] Check Pods Manifest.lock */,
				2323083124DF043B000FF62F /* Sources */,
				2323083224DF043B000FF62F /* Frameworks */,
				2323083324DF043B000FF62F /* Resources */,
			);
			buildRules = (
			);
			dependencies = (
				2323083724DF043B000FF62F /* PBXTargetDependency */,
			);
			name = CleanArchitectureUITests;
			productName = CleanArchitectureUITests;
			productReference = 2323083524DF043B000FF62F /* CleanArchitectureUITests.xctest */;
			productType = "com.apple.product-type.bundle.ui-testing";
		};
/* End PBXNativeTarget section */

/* Begin PBXProject section */
		2323080C24DF043A000FF62F /* Project object */ = {
			isa = PBXProject;
			attributes = {
				LastSwiftUpdateCheck = 1150;
				LastUpgradeCheck = 1150;
				ORGANIZATIONNAME = "Itamar Silva";
				TargetAttributes = {
					2323081324DF043A000FF62F = {
						CreatedOnToolsVersion = 11.5;
					};
					2323082924DF043B000FF62F = {
						CreatedOnToolsVersion = 11.5;
						TestTargetID = 2323081324DF043A000FF62F;
					};
					2323083424DF043B000FF62F = {
						CreatedOnToolsVersion = 11.5;
						TestTargetID = 2323081324DF043A000FF62F;
					};
				};
			};
			buildConfigurationList = 2323080F24DF043A000FF62F /* Build configuration list for PBXProject "CleanArchitecture" */;
			compatibilityVersion = "Xcode 9.3";
			developmentRegion = en;
			hasScannedForEncodings = 0;
			knownRegions = (
				en,
				Base,
			);
			mainGroup = 2323080B24DF043A000FF62F;
			productRefGroup = 2323081524DF043A000FF62F /* Products */;
			projectDirPath = "";
			projectRoot = "";
			targets = (
				2323081324DF043A000FF62F /* CleanArchitecture */,
				2323082924DF043B000FF62F /* CleanArchitectureTests */,
				2323083424DF043B000FF62F /* CleanArchitectureUITests */,
			);
		};
/* End PBXProject section */

/* Begin PBXResourcesBuildPhase section */
		2323081224DF043A000FF62F /* Resources */ = {
			isa = PBXResourcesBuildPhase;
			buildActionMask = 2147483647;
			files = (
				2323082424DF043B000FF62F /* LaunchScreen.storyboard in Resources */,
				2323082124DF043B000FF62F /* Assets.xcassets in Resources */,
				2323081F24DF043A000FF62F /* Main.storyboard in Resources */,
			);
			runOnlyForDeploymentPostprocessing = 0;
		};
		2323082824DF043B000FF62F /* Resources */ = {
			isa = PBXResourcesBuildPhase;
			buildActionMask = 2147483647;
			files = (
			);
			runOnlyForDeploymentPostprocessing = 0;
		};
		2323083324DF043B000FF62F /* Resources */ = {
			isa = PBXResourcesBuildPhase;
			buildActionMask = 2147483647;
			files = (
			);
			runOnlyForDeploymentPostprocessing = 0;
		};
/* End PBXResourcesBuildPhase section */

/* Begin PBXShellScriptBuildPhase section */
		4D389DBB2127124F7A7A81FB /* [CP] Check Pods Manifest.lock */ = {
			isa = PBXShellScriptBuildPhase;
			buildActionMask = 2147483647;
			files = (
			);
			inputFileListPaths = (
			);
			inputPaths = (
				"${PODS_PODFILE_DIR_PATH}/Podfile.lock",
				"${PODS_ROOT}/Manifest.lock",
			);
			name = "[CP] Check Pods Manifest.lock";
			outputFileListPaths = (
			);
			outputPaths = (
				"$(DERIVED_FILE_DIR)/Pods-CleanArchitecture-checkManifestLockResult.txt",
			);
			runOnlyForDeploymentPostprocessing = 0;
			shellPath = /bin/sh;
			shellScript = "diff \"${PODS_PODFILE_DIR_PATH}/Podfile.lock\" \"${PODS_ROOT}/Manifest.lock\" > /dev/null\nif [ $? != 0 ] ; then\n    # print error to STDERR\n    echo \"error: The sandbox is not in sync with the Podfile.lock. Run 'pod install' or update your CocoaPods installation.\" >&2\n    exit 1\nfi\n# This output is used by Xcode 'outputs' to avoid re-running this script phase.\necho \"SUCCESS\" > \"${SCRIPT_OUTPUT_FILE_0}\"\n";
			showEnvVarsInLog = 0;
		};
		6DF029B4A8F88C10389188BA /* [CP] Check Pods Manifest.lock */ = {
			isa = PBXShellScriptBuildPhase;
			buildActionMask = 2147483647;
			files = (
			);
			inputFileListPaths = (
			);
			inputPaths = (
				"${PODS_PODFILE_DIR_PATH}/Podfile.lock",
				"${PODS_ROOT}/Manifest.lock",
			);
			name = "[CP] Check Pods Manifest.lock";
			outputFileListPaths = (
			);
			outputPaths = (
				"$(DERIVED_FILE_DIR)/Pods-CleanArchitectureTests-checkManifestLockResult.txt",
			);
			runOnlyForDeploymentPostprocessing = 0;
			shellPath = /bin/sh;
			shellScript = "diff \"${PODS_PODFILE_DIR_PATH}/Podfile.lock\" \"${PODS_ROOT}/Manifest.lock\" > /dev/null\nif [ $? != 0 ] ; then\n    # print error to STDERR\n    echo \"error: The sandbox is not in sync with the Podfile.lock. Run 'pod install' or update your CocoaPods installation.\" >&2\n    exit 1\nfi\n# This output is used by Xcode 'outputs' to avoid re-running this script phase.\necho \"SUCCESS\" > \"${SCRIPT_OUTPUT_FILE_0}\"\n";
			showEnvVarsInLog = 0;
		};
		783D48C618BA4C724CE81DFF /* [CP] Embed Pods Frameworks */ = {
			isa = PBXShellScriptBuildPhase;
			buildActionMask = 2147483647;
			files = (
			);
			inputFileListPaths = (
				"${PODS_ROOT}/Target Support Files/Pods-CleanArchitecture/Pods-CleanArchitecture-frameworks-${CONFIGURATION}-input-files.xcfilelist",
			);
			name = "[CP] Embed Pods Frameworks";
			outputFileListPaths = (
				"${PODS_ROOT}/Target Support Files/Pods-CleanArchitecture/Pods-CleanArchitecture-frameworks-${CONFIGURATION}-output-files.xcfilelist",
			);
			runOnlyForDeploymentPostprocessing = 0;
			shellPath = /bin/sh;
			shellScript = "\"${PODS_ROOT}/Target Support Files/Pods-CleanArchitecture/Pods-CleanArchitecture-frameworks.sh\"\n";
			showEnvVarsInLog = 0;
		};
		EC6CEB5198C71114D97C0250 /* [CP] Check Pods Manifest.lock */ = {
			isa = PBXShellScriptBuildPhase;
			buildActionMask = 2147483647;
			files = (
			);
			inputFileListPaths = (
			);
			inputPaths = (
				"${PODS_PODFILE_DIR_PATH}/Podfile.lock",
				"${PODS_ROOT}/Manifest.lock",
			);
			name = "[CP] Check Pods Manifest.lock";
			outputFileListPaths = (
			);
			outputPaths = (
				"$(DERIVED_FILE_DIR)/Pods-CleanArchitectureUITests-checkManifestLockResult.txt",
			);
			runOnlyForDeploymentPostprocessing = 0;
			shellPath = /bin/sh;
			shellScript = "diff \"${PODS_PODFILE_DIR_PATH}/Podfile.lock\" \"${PODS_ROOT}/Manifest.lock\" > /dev/null\nif [ $? != 0 ] ; then\n    # print error to STDERR\n    echo \"error: The sandbox is not in sync with the Podfile.lock. Run 'pod install' or update your CocoaPods installation.\" >&2\n    exit 1\nfi\n# This output is used by Xcode 'outputs' to avoid re-running this script phase.\necho \"SUCCESS\" > \"${SCRIPT_OUTPUT_FILE_0}\"\n";
			showEnvVarsInLog = 0;
		};
/* End PBXShellScriptBuildPhase section */

/* Begin PBXSourcesBuildPhase section */
		2323081024DF043A000FF62F /* Sources */ = {
			isa = PBXSourcesBuildPhase;
			buildActionMask = 2147483647;
			files = (
				2323081C24DF043A000FF62F /* ViewController.swift in Sources */,
				2323081824DF043A000FF62F /* AppDelegate.swift in Sources */,
				2323081A24DF043A000FF62F /* SceneDelegate.swift in Sources */,
			);
			runOnlyForDeploymentPostprocessing = 0;
		};
		2323082624DF043B000FF62F /* Sources */ = {
			isa = PBXSourcesBuildPhase;
			buildActionMask = 2147483647;
			files = (
				2323082F24DF043B000FF62F /* CleanArchitectureTests.swift in Sources */,
			);
			runOnlyForDeploymentPostprocessing = 0;
		};
		2323083124DF043B000FF62F /* Sources */ = {
			isa = PBXSourcesBuildPhase;
			buildActionMask = 2147483647;
			files = (
				2323083A24DF043B000FF62F /* CleanArchitectureUITests.swift in Sources */,
			);
			runOnlyForDeploymentPostprocessing = 0;
		};
/* End PBXSourcesBuildPhase section */

/* Begin PBXTargetDependency section */
		2323082C24DF043B000FF62F /* PBXTargetDependency */ = {
			isa = PBXTargetDependency;
			target = 2323081324DF043A000FF62F /* CleanArchitecture */;
			targetProxy = 2323082B24DF043B000FF62F /* PBXContainerItemProxy */;
		};
		2323083724DF043B000FF62F /* PBXTargetDependency */ = {
			isa = PBXTargetDependency;
			target = 2323081324DF043A000FF62F /* CleanArchitecture */;
			targetProxy = 2323083624DF043B000FF62F /* PBXContainerItemProxy */;
		};
/* End PBXTargetDependency section */

/* Begin PBXVariantGroup section */
		2323081D24DF043A000FF62F /* Main.storyboard */ = {
			isa = PBXVariantGroup;
			children = (
				2323081E24DF043A000FF62F /* Base */,
			);
			name = Main.storyboard;
			sourceTree = "<group>";
		};
		2323082224DF043B000FF62F /* LaunchScreen.storyboard */ = {
			isa = PBXVariantGroup;
			children = (
				2323082324DF043B000FF62F /* Base */,
			);
			name = LaunchScreen.storyboard;
			sourceTree = "<group>";
		};
/* End PBXVariantGroup section */

/* Begin XCBuildConfiguration section */
		2323083C24DF043B000FF62F /* Debug */ = {
			isa = XCBuildConfiguration;
			buildSettings = {
				ALWAYS_SEARCH_USER_PATHS = NO;
				CLANG_ANALYZER_NONNULL = YES;
				CLANG_ANALYZER_NUMBER_OBJECT_CONVERSION = YES_AGGRESSIVE;
				CLANG_CXX_LANGUAGE_STANDARD = "gnu++14";
				CLANG_CXX_LIBRARY = "libc++";
				CLANG_ENABLE_MODULES = YES;
				CLANG_ENABLE_OBJC_ARC = YES;
				CLANG_ENABLE_OBJC_WEAK = YES;
				CLANG_WARN_BLOCK_CAPTURE_AUTORELEASING = YES;
				CLANG_WARN_BOOL_CONVERSION = YES;
				CLANG_WARN_COMMA = YES;
				CLANG_WARN_CONSTANT_CONVERSION = YES;
				CLANG_WARN_DEPRECATED_OBJC_IMPLEMENTATIONS = YES;
				CLANG_WARN_DIRECT_OBJC_ISA_USAGE = YES_ERROR;
				CLANG_WARN_DOCUMENTATION_COMMENTS = YES;
				CLANG_WARN_EMPTY_BODY = YES;
				CLANG_WARN_ENUM_CONVERSION = YES;
				CLANG_WARN_INFINITE_RECURSION = YES;
				CLANG_WARN_INT_CONVERSION = YES;
				CLANG_WARN_NON_LITERAL_NULL_CONVERSION = YES;
				CLANG_WARN_OBJC_IMPLICIT_RETAIN_SELF = YES;
				CLANG_WARN_OBJC_LITERAL_CONVERSION = YES;
				CLANG_WARN_OBJC_ROOT_CLASS = YES_ERROR;
				CLANG_WARN_RANGE_LOOP_ANALYSIS = YES;
				CLANG_WARN_STRICT_PROTOTYPES = YES;
				CLANG_WARN_SUSPICIOUS_MOVE = YES;
				CLANG_WARN_UNGUARDED_AVAILABILITY = YES_AGGRESSIVE;
				CLANG_WARN_UNREACHABLE_CODE = YES;
				CLANG_WARN__DUPLICATE_METHOD_MATCH = YES;
				COPY_PHASE_STRIP = NO;
				DEBUG_INFORMATION_FORMAT = dwarf;
				ENABLE_STRICT_OBJC_MSGSEND = YES;
				ENABLE_TESTABILITY = YES;
				GCC_C_LANGUAGE_STANDARD = gnu11;
				GCC_DYNAMIC_NO_PIC = NO;
				GCC_NO_COMMON_BLOCKS = YES;
				GCC_OPTIMIZATION_LEVEL = 0;
				GCC_PREPROCESSOR_DEFINITIONS = (
					"DEBUG=1",
					"$(inherited)",
				);
				GCC_WARN_64_TO_32_BIT_CONVERSION = YES;
				GCC_WARN_ABOUT_RETURN_TYPE = YES_ERROR;
				GCC_WARN_UNDECLARED_SELECTOR = YES;
				GCC_WARN_UNINITIALIZED_AUTOS = YES_AGGRESSIVE;
				GCC_WARN_UNUSED_FUNCTION = YES;
				GCC_WARN_UNUSED_VARIABLE = YES;
				IPHONEOS_DEPLOYMENT_TARGET = 13.5;
				MTL_ENABLE_DEBUG_INFO = INCLUDE_SOURCE;
				MTL_FAST_MATH = YES;
				ONLY_ACTIVE_ARCH = YES;
				SDKROOT = iphoneos;
				SWIFT_ACTIVE_COMPILATION_CONDITIONS = DEBUG;
				SWIFT_OPTIMIZATION_LEVEL = "-Onone";
			};
			name = Debug;
		};
		2323083D24DF043B000FF62F /* Release */ = {
			isa = XCBuildConfiguration;
			buildSettings = {
				ALWAYS_SEARCH_USER_PATHS = NO;
				CLANG_ANALYZER_NONNULL = YES;
				CLANG_ANALYZER_NUMBER_OBJECT_CONVERSION = YES_AGGRESSIVE;
				CLANG_CXX_LANGUAGE_STANDARD = "gnu++14";
				CLANG_CXX_LIBRARY = "libc++";
				CLANG_ENABLE_MODULES = YES;
				CLANG_ENABLE_OBJC_ARC = YES;
				CLANG_ENABLE_OBJC_WEAK = YES;
				CLANG_WARN_BLOCK_CAPTURE_AUTORELEASING = YES;
				CLANG_WARN_BOOL_CONVERSION = YES;
				CLANG_WARN_COMMA = YES;
				CLANG_WARN_CONSTANT_CONVERSION = YES;
				CLANG_WARN_DEPRECATED_OBJC_IMPLEMENTATIONS = YES;
				CLANG_WARN_DIRECT_OBJC_ISA_USAGE = YES_ERROR;
				CLANG_WARN_DOCUMENTATION_COMMENTS = YES;
				CLANG_WARN_EMPTY_BODY = YES;
				CLANG_WARN_ENUM_CONVERSION = YES;
				CLANG_WARN_INFINITE_RECURSION = YES;
				CLANG_WARN_INT_CONVERSION = YES;
				CLANG_WARN_NON_LITERAL_NULL_CONVERSION = YES;
				CLANG_WARN_OBJC_IMPLICIT_RETAIN_SELF = YES;
				CLANG_WARN_OBJC_LITERAL_CONVERSION = YES;
				CLANG_WARN_OBJC_ROOT_CLASS = YES_ERROR;
				CLANG_WARN_RANGE_LOOP_ANALYSIS = YES;
				CLANG_WARN_STRICT_PROTOTYPES = YES;
				CLANG_WARN_SUSPICIOUS_MOVE = YES;
				CLANG_WARN_UNGUARDED_AVAILABILITY = YES_AGGRESSIVE;
				CLANG_WARN_UNREACHABLE_CODE = YES;
				CLANG_WARN__DUPLICATE_METHOD_MATCH = YES;
				COPY_PHASE_STRIP = NO;
				DEBUG_INFORMATION_FORMAT = "dwarf-with-dsym";
				ENABLE_NS_ASSERTIONS = NO;
				ENABLE_STRICT_OBJC_MSGSEND = YES;
				GCC_C_LANGUAGE_STANDARD = gnu11;
				GCC_NO_COMMON_BLOCKS = YES;
				GCC_WARN_64_TO_32_BIT_CONVERSION = YES;
				GCC_WARN_ABOUT_RETURN_TYPE = YES_ERROR;
				GCC_WARN_UNDECLARED_SELECTOR = YES;
				GCC_WARN_UNINITIALIZED_AUTOS = YES_AGGRESSIVE;
				GCC_WARN_UNUSED_FUNCTION = YES;
				GCC_WARN_UNUSED_VARIABLE = YES;
				IPHONEOS_DEPLOYMENT_TARGET = 13.5;
				MTL_ENABLE_DEBUG_INFO = NO;
				MTL_FAST_MATH = YES;
				SDKROOT = iphoneos;
				SWIFT_COMPILATION_MODE = wholemodule;
				SWIFT_OPTIMIZATION_LEVEL = "-O";
				VALIDATE_PRODUCT = YES;
			};
			name = Release;
		};
		2323083F24DF043B000FF62F /* Debug */ = {
			isa = XCBuildConfiguration;
			baseConfigurationReference = 40A63E702B59BD479A430B18 /* Pods-CleanArchitecture.debug.xcconfig */;
			buildSettings = {
				ASSETCATALOG_COMPILER_APPICON_NAME = AppIcon;
				CODE_SIGN_STYLE = Automatic;
				DEVELOPMENT_TEAM = 3F3YGZDHFX;
				INFOPLIST_FILE = CleanArchitecture/Info.plist;
				IPHONEOS_DEPLOYMENT_TARGET = 13.0;
				LD_RUNPATH_SEARCH_PATHS = (
					"$(inherited)",
					"@executable_path/Frameworks",
				);
				PRODUCT_BUNDLE_IDENTIFIER = br.com.itamar.CleanArchitecture;
				PRODUCT_NAME = "$(TARGET_NAME)";
				SWIFT_VERSION = 5.0;
				TARGETED_DEVICE_FAMILY = 1;
			};
			name = Debug;
		};
		2323084024DF043B000FF62F /* Release */ = {
			isa = XCBuildConfiguration;
			baseConfigurationReference = 5062AD7D5D4F9FD17393A0D1 /* Pods-CleanArchitecture.release.xcconfig */;
			buildSettings = {
				ASSETCATALOG_COMPILER_APPICON_NAME = AppIcon;
				CODE_SIGN_STYLE = Automatic;
				DEVELOPMENT_TEAM = 3F3YGZDHFX;
				INFOPLIST_FILE = CleanArchitecture/Info.plist;
				IPHONEOS_DEPLOYMENT_TARGET = 13.0;
				LD_RUNPATH_SEARCH_PATHS = (
					"$(inherited)",
					"@executable_path/Frameworks",
				);
				PRODUCT_BUNDLE_IDENTIFIER = br.com.itamar.CleanArchitecture;
				PRODUCT_NAME = "$(TARGET_NAME)";
				SWIFT_VERSION = 5.0;
				TARGETED_DEVICE_FAMILY = 1;
			};
			name = Release;
		};
		2323084224DF043B000FF62F /* Debug */ = {
			isa = XCBuildConfiguration;
			baseConfigurationReference = FC17A261E6486A4B1F924B9A /* Pods-CleanArchitectureTests.debug.xcconfig */;
			buildSettings = {
				ALWAYS_EMBED_SWIFT_STANDARD_LIBRARIES = YES;
				BUNDLE_LOADER = "$(TEST_HOST)";
				CODE_SIGN_STYLE = Automatic;
				DEVELOPMENT_TEAM = 3F3YGZDHFX;
				INFOPLIST_FILE = CleanArchitectureTests/Info.plist;
				IPHONEOS_DEPLOYMENT_TARGET = 13.5;
				LD_RUNPATH_SEARCH_PATHS = (
					"$(inherited)",
					"@executable_path/Frameworks",
					"@loader_path/Frameworks",
				);
				PRODUCT_BUNDLE_IDENTIFIER = br.com.itamar.CleanArchitectureTests;
				PRODUCT_NAME = "$(TARGET_NAME)";
				SWIFT_VERSION = 5.0;
				TARGETED_DEVICE_FAMILY = "1,2";
				TEST_HOST = "$(BUILT_PRODUCTS_DIR)/CleanArchitecture.app/CleanArchitecture";
			};
			name = Debug;
		};
		2323084324DF043B000FF62F /* Release */ = {
			isa = XCBuildConfiguration;
			baseConfigurationReference = 428B6A796EDE54C1F83ABDBC /* Pods-CleanArchitectureTests.release.xcconfig */;
			buildSettings = {
				ALWAYS_EMBED_SWIFT_STANDARD_LIBRARIES = YES;
				BUNDLE_LOADER = "$(TEST_HOST)";
				CODE_SIGN_STYLE = Automatic;
				DEVELOPMENT_TEAM = 3F3YGZDHFX;
				INFOPLIST_FILE = CleanArchitectureTests/Info.plist;
				IPHONEOS_DEPLOYMENT_TARGET = 13.5;
				LD_RUNPATH_SEARCH_PATHS = (
					"$(inherited)",
					"@executable_path/Frameworks",
					"@loader_path/Frameworks",
				);
				PRODUCT_BUNDLE_IDENTIFIER = br.com.itamar.CleanArchitectureTests;
				PRODUCT_NAME = "$(TARGET_NAME)";
				SWIFT_VERSION = 5.0;
				TARGETED_DEVICE_FAMILY = "1,2";
				TEST_HOST = "$(BUILT_PRODUCTS_DIR)/CleanArchitecture.app/CleanArchitecture";
			};
			name = Release;
		};
		2323084524DF043B000FF62F /* Debug */ = {
			isa = XCBuildConfiguration;
			baseConfigurationReference = CAB73A88D403F8E2A5C62F78 /* Pods-CleanArchitectureUITests.debug.xcconfig */;
			buildSettings = {
				ALWAYS_EMBED_SWIFT_STANDARD_LIBRARIES = YES;
				CODE_SIGN_STYLE = Automatic;
				DEVELOPMENT_TEAM = 3F3YGZDHFX;
				INFOPLIST_FILE = CleanArchitectureUITests/Info.plist;
				LD_RUNPATH_SEARCH_PATHS = (
					"$(inherited)",
					"@executable_path/Frameworks",
					"@loader_path/Frameworks",
				);
				PRODUCT_BUNDLE_IDENTIFIER = br.com.itamar.CleanArchitectureUITests;
				PRODUCT_NAME = "$(TARGET_NAME)";
				SWIFT_VERSION = 5.0;
				TARGETED_DEVICE_FAMILY = "1,2";
				TEST_TARGET_NAME = CleanArchitecture;
			};
			name = Debug;
		};
		2323084624DF043B000FF62F /* Release */ = {
			isa = XCBuildConfiguration;
			baseConfigurationReference = CDC6E84A620C9C653D5A84EA /* Pods-CleanArchitectureUITests.release.xcconfig */;
			buildSettings = {
				ALWAYS_EMBED_SWIFT_STANDARD_LIBRARIES = YES;
				CODE_SIGN_STYLE = Automatic;
				DEVELOPMENT_TEAM = 3F3YGZDHFX;
				INFOPLIST_FILE = CleanArchitectureUITests/Info.plist;
				LD_RUNPATH_SEARCH_PATHS = (
					"$(inherited)",
					"@executable_path/Frameworks",
					"@loader_path/Frameworks",
				);
				PRODUCT_BUNDLE_IDENTIFIER = br.com.itamar.CleanArchitectureUITests;
				PRODUCT_NAME = "$(TARGET_NAME)";
				SWIFT_VERSION = 5.0;
				TARGETED_DEVICE_FAMILY = "1,2";
				TEST_TARGET_NAME = CleanArchitecture;
			};
			name = Release;
		};
/* End XCBuildConfiguration section */

/* Begin XCConfigurationList section */
		2323080F24DF043A000FF62F /* Build configuration list for PBXProject "CleanArchitecture" */ = {
			isa = XCConfigurationList;
			buildConfigurations = (
				2323083C24DF043B000FF62F /* Debug */,
				2323083D24DF043B000FF62F /* Release */,
			);
			defaultConfigurationIsVisible = 0;
			defaultConfigurationName = Release;
		};
		2323083E24DF043B000FF62F /* Build configuration list for PBXNativeTarget "CleanArchitecture" */ = {
			isa = XCConfigurationList;
			buildConfigurations = (
				2323083F24DF043B000FF62F /* Debug */,
				2323084024DF043B000FF62F /* Release */,
			);
			defaultConfigurationIsVisible = 0;
			defaultConfigurationName = Release;
		};
		2323084124DF043B000FF62F /* Build configuration list for PBXNativeTarget "CleanArchitectureTests" */ = {
			isa = XCConfigurationList;
			buildConfigurations = (
				2323084224DF043B000FF62F /* Debug */,
				2323084324DF043B000FF62F /* Release */,
			);
			defaultConfigurationIsVisible = 0;
			defaultConfigurationName = Release;
		};
		2323084424DF043B000FF62F /* Build configuration list for PBXNativeTarget "CleanArchitectureUITests" */ = {
			isa = XCConfigurationList;
			buildConfigurations = (
				2323084524DF043B000FF62F /* Debug */,
				2323084624DF043B000FF62F /* Release */,
			);
			defaultConfigurationIsVisible = 0;
			defaultConfigurationName = Release;
		};
/* End XCConfigurationList section */
	};
	rootObject = 2323080C24DF043A000FF62F /* Project object */;
}
